
Microsoft Visual Studio Solution File, Format Version 12.00
# Visual Studio 14
VisualStudioVersion = 14.0.25123.0
MinimumVisualStudioVersion = 10.0.40219.1
Project("{FAE04EC0-301F-11D3-BF4B-00C04F79EFBC}") = "MangaService", "MangaService\MangaService.csproj", "{66456D34-70E2-4D15-8389-36E635913CEC}"
EndProject
Project("{FAE04EC0-301F-11D3-BF4B-00C04F79EFBC}") = "MangaService.Test", "MangaService.Test\MangaService.Test.csproj", "{C4782128-E514-469E-9CD8-05347CCDD526}"
	ProjectSection(ProjectDependencies) = postProject
		{66456D34-70E2-4D15-8389-36E635913CEC} = {66456D34-70E2-4D15-8389-36E635913CEC}
	EndProjectSection
EndProject
Global
	GlobalSection(SolutionConfigurationPlatforms) = preSolution
		Debug|Any CPU = Debug|Any CPU
		Release|Any CPU = Release|Any CPU
	EndGlobalSection
	GlobalSection(ProjectConfigurationPlatforms) = postSolution
		{66456D34-70E2-4D15-8389-36E635913CEC}.Debug|Any CPU.ActiveCfg = Debug|Any CPU
		{66456D34-70E2-4D15-8389-36E635913CEC}.Debug|Any CPU.Build.0 = Debug|Any CPU
		{66456D34-70E2-4D15-8389-36E635913CEC}.Release|Any CPU.ActiveCfg = Release|Any CPU
		{66456D34-70E2-4D15-8389-36E635913CEC}.Release|Any CPU.Build.0 = Release|Any CPU
		{C4782128-E514-469E-9CD8-05347CCDD526}.Debug|Any CPU.ActiveCfg = Debug|Any CPU
		{C4782128-E514-469E-9CD8-05347CCDD526}.Debug|Any CPU.Build.0 = Debug|Any CPU
		{C4782128-E514-469E-9CD8-05347CCDD526}.Release|Any CPU.ActiveCfg = Release|Any CPU
		{C4782128-E514-469E-9CD8-05347CCDD526}.Release|Any CPU.Build.0 = Release|Any CPU
	EndGlobalSection
	GlobalSection(SolutionProperties) = preSolution
		HideSolutionNode = FALSE
	EndGlobalSection
EndGlobal
